
Microsoft Visual Studio Solution File, Format Version 12.00
# Visual Studio Version 16
VisualStudioVersion = 16.0.810.21
MinimumVisualStudioVersion = 10.0.40219.1
Project("{FAE04EC0-301F-11D3-BF4B-00C04F79EFBC}") = "ObligatorioP2", "ObligatorioP2\ObligatorioP2.csproj", "{4D8DB4C7-4C3F-40B2-9567-F41CCFF73F0C}"
EndProject
Global
	GlobalSection(SolutionConfigurationPlatforms) = preSolution
		Debug|Any CPU = Debug|Any CPU
		Release|Any CPU = Release|Any CPU
	EndGlobalSection
	GlobalSection(ProjectConfigurationPlatforms) = postSolution
		{4D8DB4C7-4C3F-40B2-9567-F41CCFF73F0C}.Debug|Any CPU.ActiveCfg = Debug|Any CPU
		{4D8DB4C7-4C3F-40B2-9567-F41CCFF73F0C}.Debug|Any CPU.Build.0 = Debug|Any CPU
		{4D8DB4C7-4C3F-40B2-9567-F41CCFF73F0C}.Release|Any CPU.ActiveCfg = Release|Any CPU
		{4D8DB4C7-4C3F-40B2-9567-F41CCFF73F0C}.Release|Any CPU.Build.0 = Release|Any CPU
	EndGlobalSection
	GlobalSection(SolutionProperties) = preSolution
		HideSolutionNode = FALSE
	EndGlobalSection
	GlobalSection(ExtensibilityGlobals) = postSolution
		SolutionGuid = {C2F685AA-3BD7-4B64-B56F-3F3A79D95CA6}
	EndGlobalSection
EndGlobal
